
Microsoft Visual Studio Solution File, Format Version 12.00
# Visual Studio Version 16
VisualStudioVersion = 16.0.28803.452
MinimumVisualStudioVersion = 10.0.40219.1
Project("{9A19103F-16F7-4668-BE54-9A1E7A4F7556}") = "NeeView", "NeeView\NeeView.csproj", "{4F680598-E096-4474-99A7-1747AFD771B2}"
	ProjectSection(ProjectDependencies) = postProject
		{B77B1377-2298-45E6-8B9B-D076CA0A04EB} = {B77B1377-2298-45E6-8B9B-D076CA0A04EB}
	EndProjectSection
EndProject
Project("{2150E333-8FDC-42A3-9474-1A3956D46DE8}") = "Solution Items", "Solution Items", "{C3F0B406-5A4A-4550-81BC-CD72DE300125}"
	ProjectSection(SolutionItems) = preProject
		LICENSE.ja-jp.md = LICENSE.ja-jp.md
		LICENSE.md = LICENSE.md
		README.md = README.md
		THIRDPARTY_LICENSES _CODEIN.md = THIRDPARTY_LICENSES _CODEIN.md
		THIRDPARTY_LICENSES.md = THIRDPARTY_LICENSES.md
	EndProjectSection
EndProject
Project("{9A19103F-16F7-4668-BE54-9A1E7A4F7556}") = "SevenZip", "SevenZipSharp\SevenZip\SevenZip.csproj", "{4960DD14-3431-47EC-B9D9-9D2730A98DC3}"
EndProject
Project("{9A19103F-16F7-4668-BE54-9A1E7A4F7556}") = "NeeLaboratory.IO.Search", "NeeLaboratory.IO.Search\NeeLaboratory.IO.Search\NeeLaboratory.IO.Search.csproj", "{F8053574-48A7-4D8D-A55E-63C26D01E519}"
EndProject
Project("{9A19103F-16F7-4668-BE54-9A1E7A4F7556}") = "NeeLaboratory.Remote", "NeeLaboratory.Remote\NeeLaboratory.Remote.csproj", "{843632A2-0F10-4B48-9995-3959346BFC04}"
EndProject
Project("{9A19103F-16F7-4668-BE54-9A1E7A4F7556}") = "NeeView.Susie", "NeeView.Susie\NeeView.Susie.csproj", "{9523F921-B956-4EB4-B599-1C41B64FFF0D}"
EndProject
Project("{9A19103F-16F7-4668-BE54-9A1E7A4F7556}") = "NeeView.Susie.Server", "NeeView.Susie.Server\NeeView.Susie.Server.csproj", "{B77B1377-2298-45E6-8B9B-D076CA0A04EB}"
EndProject
Project("{9A19103F-16F7-4668-BE54-9A1E7A4F7556}") = "NeeView.Runtime", "NeeView.Runtime\NeeView.Runtime.csproj", "{804F4141-E289-43A9-8471-4D3EB01104B5}"
EndProject
Project("{9A19103F-16F7-4668-BE54-9A1E7A4F7556}") = "NeeLaboratory.Runtime", "NeeLaboratory.Runtime\NeeLaboratory.Runtime.csproj", "{D58D1CF3-E36C-41CC-9E58-B45DE7C1EFD2}"
EndProject
Global
	GlobalSection(SolutionConfigurationPlatforms) = preSolution
		Debug|Any CPU = Debug|Any CPU
		Debug|x64 = Debug|x64
		Debug|x86 = Debug|x86
		Release|Any CPU = Release|Any CPU
		Release|x64 = Release|x64
		Release|x86 = Release|x86
	EndGlobalSection
	GlobalSection(ProjectConfigurationPlatforms) = postSolution
		{4F680598-E096-4474-99A7-1747AFD771B2}.Debug|Any CPU.ActiveCfg = Debug|Any CPU
		{4F680598-E096-4474-99A7-1747AFD771B2}.Debug|Any CPU.Build.0 = Debug|Any CPU
		{4F680598-E096-4474-99A7-1747AFD771B2}.Debug|x64.ActiveCfg = Debug|x64
		{4F680598-E096-4474-99A7-1747AFD771B2}.Debug|x64.Build.0 = Debug|x64
		{4F680598-E096-4474-99A7-1747AFD771B2}.Debug|x86.ActiveCfg = Debug|x86
		{4F680598-E096-4474-99A7-1747AFD771B2}.Debug|x86.Build.0 = Debug|x86
		{4F680598-E096-4474-99A7-1747AFD771B2}.Release|Any CPU.ActiveCfg = Release|Any CPU
		{4F680598-E096-4474-99A7-1747AFD771B2}.Release|Any CPU.Build.0 = Release|Any CPU
		{4F680598-E096-4474-99A7-1747AFD771B2}.Release|x64.ActiveCfg = Release|x64
		{4F680598-E096-4474-99A7-1747AFD771B2}.Release|x64.Build.0 = Release|x64
		{4F680598-E096-4474-99A7-1747AFD771B2}.Release|x86.ActiveCfg = Release|x86
		{4F680598-E096-4474-99A7-1747AFD771B2}.Release|x86.Build.0 = Release|x86
		{4960DD14-3431-47EC-B9D9-9D2730A98DC3}.Debug|Any CPU.ActiveCfg = Debug|Any CPU
		{4960DD14-3431-47EC-B9D9-9D2730A98DC3}.Debug|Any CPU.Build.0 = Debug|Any CPU
		{4960DD14-3431-47EC-B9D9-9D2730A98DC3}.Debug|x64.ActiveCfg = Debug|Any CPU
		{4960DD14-3431-47EC-B9D9-9D2730A98DC3}.Debug|x64.Build.0 = Debug|Any CPU
		{4960DD14-3431-47EC-B9D9-9D2730A98DC3}.Debug|x86.ActiveCfg = Debug|Any CPU
		{4960DD14-3431-47EC-B9D9-9D2730A98DC3}.Debug|x86.Build.0 = Debug|Any CPU
		{4960DD14-3431-47EC-B9D9-9D2730A98DC3}.Release|Any CPU.ActiveCfg = Release|Any CPU
		{4960DD14-3431-47EC-B9D9-9D2730A98DC3}.Release|Any CPU.Build.0 = Release|Any CPU
		{4960DD14-3431-47EC-B9D9-9D2730A98DC3}.Release|x64.ActiveCfg = Release|Any CPU
		{4960DD14-3431-47EC-B9D9-9D2730A98DC3}.Release|x64.Build.0 = Release|Any CPU
		{4960DD14-3431-47EC-B9D9-9D2730A98DC3}.Release|x86.ActiveCfg = Release|Any CPU
		{4960DD14-3431-47EC-B9D9-9D2730A98DC3}.Release|x86.Build.0 = Release|Any CPU
		{F8053574-48A7-4D8D-A55E-63C26D01E519}.Debug|Any CPU.ActiveCfg = Debug|Any CPU
		{F8053574-48A7-4D8D-A55E-63C26D01E519}.Debug|Any CPU.Build.0 = Debug|Any CPU
		{F8053574-48A7-4D8D-A55E-63C26D01E519}.Debug|x64.ActiveCfg = Debug|Any CPU
		{F8053574-48A7-4D8D-A55E-63C26D01E519}.Debug|x64.Build.0 = Debug|Any CPU
		{F8053574-48A7-4D8D-A55E-63C26D01E519}.Debug|x86.ActiveCfg = Debug|Any CPU
		{F8053574-48A7-4D8D-A55E-63C26D01E519}.Debug|x86.Build.0 = Debug|Any CPU
		{F8053574-48A7-4D8D-A55E-63C26D01E519}.Release|Any CPU.ActiveCfg = Release|Any CPU
		{F8053574-48A7-4D8D-A55E-63C26D01E519}.Release|Any CPU.Build.0 = Release|Any CPU
		{F8053574-48A7-4D8D-A55E-63C26D01E519}.Release|x64.ActiveCfg = Release|Any CPU
		{F8053574-48A7-4D8D-A55E-63C26D01E519}.Release|x64.Build.0 = Release|Any CPU
		{F8053574-48A7-4D8D-A55E-63C26D01E519}.Release|x86.ActiveCfg = Release|Any CPU
		{F8053574-48A7-4D8D-A55E-63C26D01E519}.Release|x86.Build.0 = Release|Any CPU
		{843632A2-0F10-4B48-9995-3959346BFC04}.Debug|Any CPU.ActiveCfg = Debug|Any CPU
		{843632A2-0F10-4B48-9995-3959346BFC04}.Debug|Any CPU.Build.0 = Debug|Any CPU
		{843632A2-0F10-4B48-9995-3959346BFC04}.Debug|x64.ActiveCfg = Debug|Any CPU
		{843632A2-0F10-4B48-9995-3959346BFC04}.Debug|x64.Build.0 = Debug|Any CPU
		{843632A2-0F10-4B48-9995-3959346BFC04}.Debug|x86.ActiveCfg = Debug|Any CPU
		{843632A2-0F10-4B48-9995-3959346BFC04}.Debug|x86.Build.0 = Debug|Any CPU
		{843632A2-0F10-4B48-9995-3959346BFC04}.Release|Any CPU.ActiveCfg = Release|Any CPU
		{843632A2-0F10-4B48-9995-3959346BFC04}.Release|Any CPU.Build.0 = Release|Any CPU
		{843632A2-0F10-4B48-9995-3959346BFC04}.Release|x64.ActiveCfg = Release|Any CPU
		{843632A2-0F10-4B48-9995-3959346BFC04}.Release|x64.Build.0 = Release|Any CPU
		{843632A2-0F10-4B48-9995-3959346BFC04}.Release|x86.ActiveCfg = Release|Any CPU
		{843632A2-0F10-4B48-9995-3959346BFC04}.Release|x86.Build.0 = Release|Any CPU
		{9523F921-B956-4EB4-B599-1C41B64FFF0D}.Debug|Any CPU.ActiveCfg = Debug|Any CPU
		{9523F921-B956-4EB4-B599-1C41B64FFF0D}.Debug|Any CPU.Build.0 = Debug|Any CPU
		{9523F921-B956-4EB4-B599-1C41B64FFF0D}.Debug|x64.ActiveCfg = Debug|Any CPU
		{9523F921-B956-4EB4-B599-1C41B64FFF0D}.Debug|x64.Build.0 = Debug|Any CPU
		{9523F921-B956-4EB4-B599-1C41B64FFF0D}.Debug|x86.ActiveCfg = Debug|Any CPU
		{9523F921-B956-4EB4-B599-1C41B64FFF0D}.Debug|x86.Build.0 = Debug|Any CPU
		{9523F921-B956-4EB4-B599-1C41B64FFF0D}.Release|Any CPU.ActiveCfg = Release|Any CPU
		{9523F921-B956-4EB4-B599-1C41B64FFF0D}.Release|Any CPU.Build.0 = Release|Any CPU
		{9523F921-B956-4EB4-B599-1C41B64FFF0D}.Release|x64.ActiveCfg = Release|Any CPU
		{9523F921-B956-4EB4-B599-1C41B64FFF0D}.Release|x64.Build.0 = Release|Any CPU
		{9523F921-B956-4EB4-B599-1C41B64FFF0D}.Release|x86.ActiveCfg = Release|Any CPU
		{9523F921-B956-4EB4-B599-1C41B64FFF0D}.Release|x86.Build.0 = Release|Any CPU
		{B77B1377-2298-45E6-8B9B-D076CA0A04EB}.Debug|Any CPU.ActiveCfg = Debug|x86
		{B77B1377-2298-45E6-8B9B-D076CA0A04EB}.Debug|Any CPU.Build.0 = Debug|x86
		{B77B1377-2298-45E6-8B9B-D076CA0A04EB}.Debug|x64.ActiveCfg = Debug|x86
		{B77B1377-2298-45E6-8B9B-D076CA0A04EB}.Debug|x64.Build.0 = Debug|x86
		{B77B1377-2298-45E6-8B9B-D076CA0A04EB}.Debug|x86.ActiveCfg = Debug|x86
		{B77B1377-2298-45E6-8B9B-D076CA0A04EB}.Debug|x86.Build.0 = Debug|x86
		{B77B1377-2298-45E6-8B9B-D076CA0A04EB}.Release|Any CPU.ActiveCfg = Release|Any CPU
		{B77B1377-2298-45E6-8B9B-D076CA0A04EB}.Release|Any CPU.Build.0 = Release|Any CPU
		{B77B1377-2298-45E6-8B9B-D076CA0A04EB}.Release|x64.ActiveCfg = Release|x86
		{B77B1377-2298-45E6-8B9B-D076CA0A04EB}.Release|x64.Build.0 = Release|x86
		{B77B1377-2298-45E6-8B9B-D076CA0A04EB}.Release|x86.ActiveCfg = Release|x86
		{B77B1377-2298-45E6-8B9B-D076CA0A04EB}.Release|x86.Build.0 = Release|x86
		{804F4141-E289-43A9-8471-4D3EB01104B5}.Debug|Any CPU.ActiveCfg = Debug|Any CPU
		{804F4141-E289-43A9-8471-4D3EB01104B5}.Debug|Any CPU.Build.0 = Debug|Any CPU
		{804F4141-E289-43A9-8471-4D3EB01104B5}.Debug|x64.ActiveCfg = Debug|Any CPU
		{804F4141-E289-43A9-8471-4D3EB01104B5}.Debug|x64.Build.0 = Debug|Any CPU
		{804F4141-E289-43A9-8471-4D3EB01104B5}.Debug|x86.ActiveCfg = Debug|Any CPU
		{804F4141-E289-43A9-8471-4D3EB01104B5}.Debug|x86.Build.0 = Debug|Any CPU
		{804F4141-E289-43A9-8471-4D3EB01104B5}.Release|Any CPU.ActiveCfg = Release|Any CPU
		{804F4141-E289-43A9-8471-4D3EB01104B5}.Release|Any CPU.Build.0 = Release|Any CPU
		{804F4141-E289-43A9-8471-4D3EB01104B5}.Release|x64.ActiveCfg = Release|Any CPU
		{804F4141-E289-43A9-8471-4D3EB01104B5}.Release|x64.Build.0 = Release|Any CPU
		{804F4141-E289-43A9-8471-4D3EB01104B5}.Release|x86.ActiveCfg = Release|Any CPU
		{804F4141-E289-43A9-8471-4D3EB01104B5}.Release|x86.Build.0 = Release|Any CPU
		{D58D1CF3-E36C-41CC-9E58-B45DE7C1EFD2}.Debug|Any CPU.ActiveCfg = Debug|Any CPU
		{D58D1CF3-E36C-41CC-9E58-B45DE7C1EFD2}.Debug|Any CPU.Build.0 = Debug|Any CPU
		{D58D1CF3-E36C-41CC-9E58-B45DE7C1EFD2}.Debug|x64.ActiveCfg = Debug|Any CPU
		{D58D1CF3-E36C-41CC-9E58-B45DE7C1EFD2}.Debug|x64.Build.0 = Debug|Any CPU
		{D58D1CF3-E36C-41CC-9E58-B45DE7C1EFD2}.Debug|x86.ActiveCfg = Debug|Any CPU
		{D58D1CF3-E36C-41CC-9E58-B45DE7C1EFD2}.Debug|x86.Build.0 = Debug|Any CPU
		{D58D1CF3-E36C-41CC-9E58-B45DE7C1EFD2}.Release|Any CPU.ActiveCfg = Release|Any CPU
		{D58D1CF3-E36C-41CC-9E58-B45DE7C1EFD2}.Release|Any CPU.Build.0 = Release|Any CPU
		{D58D1CF3-E36C-41CC-9E58-B45DE7C1EFD2}.Release|x64.ActiveCfg = Release|Any CPU
		{D58D1CF3-E36C-41CC-9E58-B45DE7C1EFD2}.Release|x64.Build.0 = Release|Any CPU
		{D58D1CF3-E36C-41CC-9E58-B45DE7C1EFD2}.Release|x86.ActiveCfg = Release|Any CPU
		{D58D1CF3-E36C-41CC-9E58-B45DE7C1EFD2}.Release|x86.Build.0 = Release|Any CPU
	EndGlobalSection
	GlobalSection(SolutionProperties) = preSolution
		HideSolutionNode = FALSE
	EndGlobalSection
	GlobalSection(ExtensibilityGlobals) = postSolution
		SolutionGuid = {575F7EA5-364D-40B1-B557-1D4BDC8886E5}
	EndGlobalSection
EndGlobal
