
Microsoft Visual Studio Solution File, Format Version 12.00
# Visual Studio Version 16
VisualStudioVersion = 16.0.28803.452
MinimumVisualStudioVersion = 10.0.40219.1
Project("{9A19103F-16F7-4668-BE54-9A1E7A4F7556}") = "NeeView", "NeeView\NeeView.csproj", "{4F680598-E096-4474-99A7-1747AFD771B2}"
	ProjectSection(ProjectDependencies) = postProject
		{E551AF04-F038-4CCF-B82B-6015D395CC89} = {E551AF04-F038-4CCF-B82B-6015D395CC89}
	EndProjectSection
EndProject
Project("{2150E333-8FDC-42A3-9474-1A3956D46DE8}") = "Solution Items", "Solution Items", "{C3F0B406-5A4A-4550-81BC-CD72DE300125}"
	ProjectSection(SolutionItems) = preProject
		LICENSE.ja-jp.md = LICENSE.ja-jp.md
		LICENSE.md = LICENSE.md
		README.md = README.md
		THIRDPARTY_LICENSES _CODEIN.md = THIRDPARTY_LICENSES _CODEIN.md
		THIRDPARTY_LICENSES.md = THIRDPARTY_LICENSES.md
	EndProjectSection
EndProject
Project("{9A19103F-16F7-4668-BE54-9A1E7A4F7556}") = "SevenZip", "SevenZipSharp\SevenZip\SevenZip.csproj", "{4960DD14-3431-47EC-B9D9-9D2730A98DC3}"
EndProject
Project("{9A19103F-16F7-4668-BE54-9A1E7A4F7556}") = "NeeLaboratory.IO.Search", "NeeLaboratory.IO.Search\NeeLaboratory.IO.Search\NeeLaboratory.IO.Search.csproj", "{F8053574-48A7-4D8D-A55E-63C26D01E519}"
EndProject
Project("{9A19103F-16F7-4668-BE54-9A1E7A4F7556}") = "NeeLaboratory.Remote", "NeeLaboratory.Remote\NeeLaboratory.Remote.csproj", "{843632A2-0F10-4B48-9995-3959346BFC04}"
EndProject
Project("{9A19103F-16F7-4668-BE54-9A1E7A4F7556}") = "NeeView.Susie.Server", "NeeView.Susie.Server\NeeView.Susie.Server.csproj", "{E551AF04-F038-4CCF-B82B-6015D395CC89}"
EndProject
Project("{9A19103F-16F7-4668-BE54-9A1E7A4F7556}") = "NeeView.Susie", "NeeView.Susie\NeeView.Susie.csproj", "{9523F921-B956-4EB4-B599-1C41B64FFF0D}"
EndProject
Global
	GlobalSection(SolutionConfigurationPlatforms) = preSolution
		Debug|Any CPU = Debug|Any CPU
		Deploy|Any CPU = Deploy|Any CPU
		Release|Any CPU = Release|Any CPU
		Remote|Any CPU = Remote|Any CPU
	EndGlobalSection
	GlobalSection(ProjectConfigurationPlatforms) = postSolution
		{4F680598-E096-4474-99A7-1747AFD771B2}.Debug|Any CPU.ActiveCfg = Debug|Any CPU
		{4F680598-E096-4474-99A7-1747AFD771B2}.Debug|Any CPU.Build.0 = Debug|Any CPU
		{4F680598-E096-4474-99A7-1747AFD771B2}.Deploy|Any CPU.ActiveCfg = Debug|Any CPU
		{4F680598-E096-4474-99A7-1747AFD771B2}.Release|Any CPU.ActiveCfg = Release|Any CPU
		{4F680598-E096-4474-99A7-1747AFD771B2}.Release|Any CPU.Build.0 = Release|Any CPU
		{4F680598-E096-4474-99A7-1747AFD771B2}.Remote|Any CPU.ActiveCfg = Release|Any CPU
		{4F680598-E096-4474-99A7-1747AFD771B2}.Remote|Any CPU.Build.0 = Release|Any CPU
		{4960DD14-3431-47EC-B9D9-9D2730A98DC3}.Debug|Any CPU.ActiveCfg = Debug|Any CPU
		{4960DD14-3431-47EC-B9D9-9D2730A98DC3}.Debug|Any CPU.Build.0 = Debug|Any CPU
		{4960DD14-3431-47EC-B9D9-9D2730A98DC3}.Deploy|Any CPU.ActiveCfg = Debug|Any CPU
		{4960DD14-3431-47EC-B9D9-9D2730A98DC3}.Deploy|Any CPU.Build.0 = Debug|Any CPU
		{4960DD14-3431-47EC-B9D9-9D2730A98DC3}.Release|Any CPU.ActiveCfg = Release|Any CPU
		{4960DD14-3431-47EC-B9D9-9D2730A98DC3}.Release|Any CPU.Build.0 = Release|Any CPU
		{4960DD14-3431-47EC-B9D9-9D2730A98DC3}.Remote|Any CPU.ActiveCfg = Debug|Any CPU
		{4960DD14-3431-47EC-B9D9-9D2730A98DC3}.Remote|Any CPU.Build.0 = Debug|Any CPU
		{F8053574-48A7-4D8D-A55E-63C26D01E519}.Debug|Any CPU.ActiveCfg = Debug|Any CPU
		{F8053574-48A7-4D8D-A55E-63C26D01E519}.Debug|Any CPU.Build.0 = Debug|Any CPU
		{F8053574-48A7-4D8D-A55E-63C26D01E519}.Deploy|Any CPU.ActiveCfg = Debug|Any CPU
		{F8053574-48A7-4D8D-A55E-63C26D01E519}.Deploy|Any CPU.Build.0 = Debug|Any CPU
		{F8053574-48A7-4D8D-A55E-63C26D01E519}.Release|Any CPU.ActiveCfg = Release|Any CPU
		{F8053574-48A7-4D8D-A55E-63C26D01E519}.Release|Any CPU.Build.0 = Release|Any CPU
		{F8053574-48A7-4D8D-A55E-63C26D01E519}.Remote|Any CPU.ActiveCfg = Debug|Any CPU
		{F8053574-48A7-4D8D-A55E-63C26D01E519}.Remote|Any CPU.Build.0 = Debug|Any CPU
		{843632A2-0F10-4B48-9995-3959346BFC04}.Debug|Any CPU.ActiveCfg = Debug|Any CPU
		{843632A2-0F10-4B48-9995-3959346BFC04}.Debug|Any CPU.Build.0 = Debug|Any CPU
		{843632A2-0F10-4B48-9995-3959346BFC04}.Deploy|Any CPU.ActiveCfg = Debug|Any CPU
		{843632A2-0F10-4B48-9995-3959346BFC04}.Deploy|Any CPU.Build.0 = Debug|Any CPU
		{843632A2-0F10-4B48-9995-3959346BFC04}.Release|Any CPU.ActiveCfg = Release|Any CPU
		{843632A2-0F10-4B48-9995-3959346BFC04}.Release|Any CPU.Build.0 = Release|Any CPU
		{843632A2-0F10-4B48-9995-3959346BFC04}.Remote|Any CPU.ActiveCfg = Release|Any CPU
		{843632A2-0F10-4B48-9995-3959346BFC04}.Remote|Any CPU.Build.0 = Release|Any CPU
		{E551AF04-F038-4CCF-B82B-6015D395CC89}.Debug|Any CPU.ActiveCfg = Debug|Any CPU
		{E551AF04-F038-4CCF-B82B-6015D395CC89}.Debug|Any CPU.Build.0 = Debug|Any CPU
		{E551AF04-F038-4CCF-B82B-6015D395CC89}.Deploy|Any CPU.ActiveCfg = Debug|Any CPU
		{E551AF04-F038-4CCF-B82B-6015D395CC89}.Deploy|Any CPU.Build.0 = Debug|Any CPU
		{E551AF04-F038-4CCF-B82B-6015D395CC89}.Release|Any CPU.ActiveCfg = Release|Any CPU
		{E551AF04-F038-4CCF-B82B-6015D395CC89}.Release|Any CPU.Build.0 = Release|Any CPU
		{E551AF04-F038-4CCF-B82B-6015D395CC89}.Remote|Any CPU.ActiveCfg = Release|Any CPU
		{E551AF04-F038-4CCF-B82B-6015D395CC89}.Remote|Any CPU.Build.0 = Release|Any CPU
		{9523F921-B956-4EB4-B599-1C41B64FFF0D}.Debug|Any CPU.ActiveCfg = Debug|Any CPU
		{9523F921-B956-4EB4-B599-1C41B64FFF0D}.Debug|Any CPU.Build.0 = Debug|Any CPU
		{9523F921-B956-4EB4-B599-1C41B64FFF0D}.Deploy|Any CPU.ActiveCfg = Debug|Any CPU
		{9523F921-B956-4EB4-B599-1C41B64FFF0D}.Deploy|Any CPU.Build.0 = Debug|Any CPU
		{9523F921-B956-4EB4-B599-1C41B64FFF0D}.Release|Any CPU.ActiveCfg = Release|Any CPU
		{9523F921-B956-4EB4-B599-1C41B64FFF0D}.Release|Any CPU.Build.0 = Release|Any CPU
		{9523F921-B956-4EB4-B599-1C41B64FFF0D}.Remote|Any CPU.ActiveCfg = Release|Any CPU
		{9523F921-B956-4EB4-B599-1C41B64FFF0D}.Remote|Any CPU.Build.0 = Release|Any CPU
	EndGlobalSection
	GlobalSection(SolutionProperties) = preSolution
		HideSolutionNode = FALSE
	EndGlobalSection
	GlobalSection(ExtensibilityGlobals) = postSolution
		SolutionGuid = {575F7EA5-364D-40B1-B557-1D4BDC8886E5}
	EndGlobalSection
EndGlobal
